
Microsoft Visual Studio Solution File, Format Version 12.00
# Visual Studio Version 17
VisualStudioVersion = 17.7.34024.191
MinimumVisualStudioVersion = 10.0.40219.1
Project("{FAE04EC0-301F-11D3-BF4B-00C04F79EFBC}") = "BullyBook.Web", "BullyBook.Web\BullyBook.Web.csproj", "{B294A624-6ABE-434B-8B87-A750AD9841CD}"
EndProject
Global
	GlobalSection(SolutionConfigurationPlatforms) = preSolution
		Debug|Any CPU = Debug|Any CPU
		Release|Any CPU = Release|Any CPU
	EndGlobalSection
	GlobalSection(ProjectConfigurationPlatforms) = postSolution
		{B294A624-6ABE-434B-8B87-A750AD9841CD}.Debug|Any CPU.ActiveCfg = Debug|Any CPU
		{B294A624-6ABE-434B-8B87-A750AD9841CD}.Debug|Any CPU.Build.0 = Debug|Any CPU
		{B294A624-6ABE-434B-8B87-A750AD9841CD}.Release|Any CPU.ActiveCfg = Release|Any CPU
		{B294A624-6ABE-434B-8B87-A750AD9841CD}.Release|Any CPU.Build.0 = Release|Any CPU
	EndGlobalSection
	GlobalSection(SolutionProperties) = preSolution
		HideSolutionNode = FALSE
	EndGlobalSection
	GlobalSection(ExtensibilityGlobals) = postSolution
		SolutionGuid = {26B2247D-C560-4D75-914D-B9141F6F4EEB}
	EndGlobalSection
EndGlobal
